#MicroXplorer Configuration settings - do not modify
ADC1.Channel-1\#ChannelRegularConversion=ADC_CHANNEL_3
ADC1.Channel-2\#ChannelRegularConversion=ADC_CHANNEL_3
ADC1.Channel-3\#ChannelRegularConversion=ADC_CHANNEL_3
ADC1.Channel-4\#ChannelRegularConversion=ADC_CHANNEL_3
ADC1.ContinuousConvMode=DISABLE
ADC1.IPParameters=Rank-1\#ChannelRegularConversion,master,Channel-1\#ChannelRegularConversion,SamplingTime-1\#ChannelRegularConversion,NbrOfConversionFlag,ContinuousConvMode,ScanConvMode,Rank-2\#ChannelRegularConversion,Channel-2\#ChannelRegularConversion,SamplingTime-2\#ChannelRegularConversion,Rank-3\#ChannelRegularConversion,Channel-3\#ChannelRegularConversion,SamplingTime-3\#ChannelRegularConversion,Rank-4\#ChannelRegularConversion,Channel-4\#ChannelRegularConversion,SamplingTime-4\#ChannelRegularConversion,NbrOfConversion
ADC1.NbrOfConversion=4
ADC1.NbrOfConversionFlag=1
ADC1.Rank-1\#ChannelRegularConversion=1
ADC1.Rank-2\#ChannelRegularConversion=2
ADC1.Rank-3\#ChannelRegularConversion=3
ADC1.Rank-4\#ChannelRegularConversion=4
ADC1.SamplingTime-1\#ChannelRegularConversion=ADC_SAMPLETIME_3CYCLES
ADC1.SamplingTime-2\#ChannelRegularConversion=ADC_SAMPLETIME_3CYCLES
ADC1.SamplingTime-3\#ChannelRegularConversion=ADC_SAMPLETIME_3CYCLES
ADC1.SamplingTime-4\#ChannelRegularConversion=ADC_SAMPLETIME_3CYCLES
ADC1.ScanConvMode=ENABLE
ADC1.master=1
DMA2D.ColorMode=DMA2D_OUTPUT_RGB565
DMA2D.IPParameters=Mode,ColorMode
DMA2D.Mode=DMA2D_R2M
Dma.ADC1.1.Direction=DMA_PERIPH_TO_MEMORY
Dma.ADC1.1.FIFOMode=DMA_FIFOMODE_DISABLE
Dma.ADC1.1.Instance=DMA2_Stream0
Dma.ADC1.1.MemDataAlignment=DMA_MDATAALIGN_HALFWORD
Dma.ADC1.1.MemInc=DMA_MINC_ENABLE
Dma.ADC1.1.Mode=DMA_NORMAL
Dma.ADC1.1.PeriphDataAlignment=DMA_PDATAALIGN_HALFWORD
Dma.ADC1.1.PeriphInc=DMA_PINC_DISABLE
Dma.ADC1.1.Priority=DMA_PRIORITY_LOW
Dma.ADC1.1.RequestParameters=Instance,Direction,PeriphInc,MemInc,PeriphDataAlignment,MemDataAlignment,Mode,Priority,FIFOMode
Dma.Request0=SDIO
Dma.Request1=ADC1
Dma.RequestsNb=2
Dma.SDIO.0.Direction=DMA_PERIPH_TO_MEMORY
Dma.SDIO.0.FIFOMode=DMA_FIFOMODE_ENABLE
Dma.SDIO.0.FIFOThreshold=DMA_FIFO_THRESHOLD_FULL
Dma.SDIO.0.Instance=DMA2_Stream3
Dma.SDIO.0.MemBurst=DMA_MBURST_INC4
Dma.SDIO.0.MemDataAlignment=DMA_MDATAALIGN_WORD
Dma.SDIO.0.MemInc=DMA_MINC_ENABLE
Dma.SDIO.0.Mode=DMA_PFCTRL
Dma.SDIO.0.PeriphBurst=DMA_PBURST_INC4
Dma.SDIO.0.PeriphDataAlignment=DMA_PDATAALIGN_WORD
Dma.SDIO.0.PeriphInc=DMA_PINC_DISABLE
Dma.SDIO.0.Priority=DMA_PRIORITY_LOW
Dma.SDIO.0.RequestParameters=Instance,Direction,PeriphInc,MemInc,PeriphDataAlignment,MemDataAlignment,Mode,Priority,FIFOMode,FIFOThreshold,MemBurst,PeriphBurst
FATFS.BSP.number=1
FATFS.IPParameters=_CODE_PAGE,_USE_LFN,_VOLUMES
FATFS._CODE_PAGE=950
FATFS._USE_LFN=2
FATFS._VOLUMES=2
FATFS0.BSP.STBoard=false
FATFS0.BSP.api=Unknown
FATFS0.BSP.component=
FATFS0.BSP.condition=
FATFS0.BSP.instance=PE2
FATFS0.BSP.ip=GPIO
FATFS0.BSP.mode=Input
FATFS0.BSP.name=Detect_SDIO
FATFS0.BSP.semaphore=
FATFS0.BSP.solution=PE2
FMC.CASLatency1=FMC_SDRAM_CAS_LATENCY_3
FMC.ColumnBitsNumber1=FMC_SDRAM_COLUMN_BITS_NUM_9
FMC.ExitSelfRefreshDelay1=8
FMC.IPParameters=ColumnBitsNumber1,CASLatency1,SDClockPeriod1,SDClockPeriod2,ReadBurst1,ReadBurst2,ReadPipeDelay1,ReadPipeDelay2,LoadToActiveDelay1,ExitSelfRefreshDelay1,SelfRefreshTime1,RowCycleDelay1,RowCycleDelay2,WriteRecoveryTime1,RPDelay1,RPDelay2,RCDDelay1
FMC.LoadToActiveDelay1=2
FMC.RCDDelay1=2
FMC.RPDelay1=2
FMC.RPDelay2=2
FMC.ReadBurst1=FMC_SDRAM_RBURST_ENABLE
FMC.ReadBurst2=FMC_SDRAM_RBURST_ENABLE
FMC.ReadPipeDelay1=FMC_SDRAM_RPIPE_DELAY_1
FMC.ReadPipeDelay2=FMC_SDRAM_RPIPE_DELAY_1
FMC.RowCycleDelay1=7
FMC.RowCycleDelay2=7
FMC.SDClockPeriod1=FMC_SDRAM_CLOCK_PERIOD_2
FMC.SDClockPeriod2=FMC_SDRAM_CLOCK_PERIOD_2
FMC.SelfRefreshTime1=6
FMC.WriteRecoveryTime1=5
FREERTOS.IPParameters=Tasks01,configUSE_NEWLIB_REENTRANT,configUSE_TICK_HOOK
FREERTOS.Tasks01=defaultTask,24,128,StartDefaultTask,Default,NULL,Dynamic,NULL,NULL
FREERTOS.configUSE_NEWLIB_REENTRANT=1
FREERTOS.configUSE_TICK_HOOK=1
File.Version=6
GPIO.groupedBy=Group By Peripherals
KeepUserPlacement=false
LTDC.ActiveH=600
LTDC.ActiveW=1024
LTDC.Alpha_L0=255
LTDC.FBStartAdress_L0=0xC0000000
LTDC.Green_L0=0
LTDC.HBP=140
LTDC.HFP=160
LTDC.HSync=20
LTDC.IPParameters=PixelFormat_L0,Alpha_L0,WindowX1_L0,WindowY1_L0,HSync,HBP,ActiveW,HFP,VSync,VBP,ActiveH,VFP,FBStartAdress_L0,ImageWidth_L0,ImageHeight_L0,Green_L0,Red_L1,WindowX1_L1,WindowY1_L1,Layers
LTDC.ImageHeight_L0=600
LTDC.ImageWidth_L0=1024
LTDC.Layers=0
LTDC.PixelFormat_L0=LTDC_PIXEL_FORMAT_RGB565
LTDC.Red_L1=255
LTDC.VBP=20
LTDC.VFP=12
LTDC.VSync=3
LTDC.WindowX1_L0=1024
LTDC.WindowX1_L1=1024
LTDC.WindowY1_L0=600
LTDC.WindowY1_L1=600
Mcu.CPN=STM32F429IGT6
Mcu.Family=STM32F4
Mcu.IP0=ADC1
Mcu.IP1=DMA
Mcu.IP10=SPI2
Mcu.IP11=SYS
Mcu.IP12=USART1
Mcu.IP2=DMA2D
Mcu.IP3=FATFS
Mcu.IP4=FMC
Mcu.IP5=FREERTOS
Mcu.IP6=LTDC
Mcu.IP7=NVIC
Mcu.IP8=RCC
Mcu.IP9=SDIO
Mcu.IPNb=13
Mcu.Name=STM32F429I(E-G)Tx
Mcu.Package=LQFP176
Mcu.Pin0=PE2
Mcu.Pin1=PI8
Mcu.Pin10=PF3
Mcu.Pin100=PI7
Mcu.Pin101=VP_ADC1_Vref_Input
Mcu.Pin102=VP_DMA2D_VS_DMA2D
Mcu.Pin103=VP_FATFS_VS_SDIO
Mcu.Pin104=VP_FATFS_VS_FMC_SDRAM
Mcu.Pin105=VP_FREERTOS_VS_CMSIS_V2
Mcu.Pin106=VP_SYS_VS_tim1
Mcu.Pin100=PE0
Mcu.Pin101=PE1
Mcu.Pin102=PI4
Mcu.Pin103=PI5
Mcu.Pin104=PI6
Mcu.Pin105=PI7
Mcu.Pin106=VP_DMA2D_VS_DMA2D
Mcu.Pin107=VP_FATFS_VS_SDIO
Mcu.Pin108=VP_FATFS_VS_FMC_SDRAM
Mcu.Pin109=VP_FREERTOS_VS_CMSIS_V2
Mcu.Pin11=PF4
Mcu.Pin110=VP_SYS_VS_tim1
Mcu.Pin12=PF5
Mcu.Pin13=PF6
Mcu.Pin14=PF7
Mcu.Pin15=PF8
Mcu.Pin16=PF9
Mcu.Pin17=PF10
Mcu.Pin18=PH0/OSC_IN
Mcu.Pin19=PH1/OSC_OUT
Mcu.Pin2=PC13
Mcu.Pin20=PC0
Mcu.Pin21=PC2
Mcu.Pin22=PC3
Mcu.Pin23=PA0/WKUP
Mcu.Pin24=PH2
Mcu.Pin25=PH3
Mcu.Pin26=PA3
Mcu.Pin27=PA4
Mcu.Pin28=PA5
Mcu.Pin29=PA6
Mcu.Pin3=PC14/OSC32_IN
Mcu.Pin30=PA7
Mcu.Pin31=PC4
Mcu.Pin32=PC5
Mcu.Pin33=PB0
Mcu.Pin34=PB1
Mcu.Pin35=PB2/BOOT1
Mcu.Pin36=PF11
Mcu.Pin37=PF12
Mcu.Pin38=PF13
Mcu.Pin39=PF14
Mcu.Pin4=PC15/OSC32_OUT
Mcu.Pin40=PF15
Mcu.Pin41=PG0
Mcu.Pin42=PG1
Mcu.Pin43=PE7
Mcu.Pin44=PE8
Mcu.Pin45=PE9
Mcu.Pin46=PE10
Mcu.Pin47=PE11
Mcu.Pin48=PE12
Mcu.Pin49=PE13
Mcu.Pin5=PI9
Mcu.Pin50=PE14
Mcu.Pin51=PE15
Mcu.Pin52=PB10
Mcu.Pin53=PH6
Mcu.Pin54=PH7
Mcu.Pin55=PH9
Mcu.Pin56=PH10
Mcu.Pin57=PH11
Mcu.Pin58=PH12
Mcu.Pin59=PB12
Mcu.Pin6=PI10
Mcu.Pin60=PB13
Mcu.Pin61=PB14
Mcu.Pin62=PB15
Mcu.Pin63=PD8
Mcu.Pin64=PD9
Mcu.Pin65=PD10
Mcu.Pin66=PD14
Mcu.Pin67=PD15
Mcu.Pin68=PG2
Mcu.Pin69=PG4
Mcu.Pin7=PF0
Mcu.Pin70=PG5
Mcu.Pin71=PG6
Mcu.Pin72=PG7
Mcu.Pin73=PG8
Mcu.Pin74=PC8
Mcu.Pin75=PC9
Mcu.Pin76=PA9
Mcu.Pin77=PA10
Mcu.Pin78=PA13
Mcu.Pin79=PH13
Mcu.Pin8=PF1
Mcu.Pin80=PH14
Mcu.Pin81=PH15
Mcu.Pin82=PI0
Mcu.Pin83=PI1
Mcu.Pin84=PI2
Mcu.Pin85=PI3
Mcu.Pin86=PA14
Mcu.Pin87=PC10
Mcu.Pin88=PC11
Mcu.Pin89=PC12
Mcu.Pin9=PF2
Mcu.Pin90=PD0
Mcu.Pin91=PD1
Mcu.Pin92=PD2
Mcu.Pin93=PG11
Mcu.Pin94=PG15
Mcu.Pin95=PB5
Mcu.Pin96=PB6
Mcu.Pin97=PB7
Mcu.Pin98=PB8
Mcu.Pin99=PB9
Mcu.PinsNb=111
Mcu.Pin90=PB5
Mcu.Pin91=PB6
Mcu.Pin92=PB7
Mcu.Pin93=PB8
Mcu.Pin94=PB9
Mcu.Pin95=PE0
Mcu.Pin96=PE1
Mcu.Pin97=PI4
Mcu.Pin98=PI5
Mcu.Pin99=PI6
Mcu.PinsNb=107
Mcu.ThirdPartyNb=0
Mcu.UserConstants=
Mcu.UserName=STM32F429IGTx
MxCube.Version=6.6.1
MxDb.Version=DB.6.0.60
NVIC.ADC_IRQn=true\:5\:0\:false\:false\:true\:true\:true\:true\:true
NVIC.BusFault_IRQn=true\:0\:0\:false\:false\:true\:false\:false\:false\:false
NVIC.DMA2_Stream0_IRQn=true\:5\:0\:false\:false\:true\:true\:false\:true\:true
NVIC.DMA2_Stream3_IRQn=true\:5\:0\:true\:false\:true\:true\:false\:true\:true
NVIC.DebugMonitor_IRQn=true\:0\:0\:false\:false\:true\:false\:false\:false\:false
NVIC.ForceEnableDMAVector=true
NVIC.HardFault_IRQn=true\:0\:0\:false\:false\:true\:false\:false\:false\:false
NVIC.MemoryManagement_IRQn=true\:0\:0\:false\:false\:true\:false\:false\:false\:false
NVIC.NonMaskableInt_IRQn=true\:0\:0\:false\:false\:true\:false\:false\:false\:false
NVIC.PendSV_IRQn=true\:15\:0\:false\:false\:false\:true\:false\:false\:false
NVIC.PriorityGroup=NVIC_PRIORITYGROUP_4
NVIC.SDIO_IRQn=true\:6\:0\:true\:false\:true\:true\:true\:true\:true
NVIC.SVCall_IRQn=true\:0\:0\:false\:false\:false\:false\:false\:false\:false
NVIC.SavedPendsvIrqHandlerGenerated=true
NVIC.SavedSvcallIrqHandlerGenerated=true
NVIC.SavedSystickIrqHandlerGenerated=true
NVIC.SysTick_IRQn=true\:15\:0\:false\:false\:false\:true\:false\:true\:false
NVIC.TIM1_UP_TIM10_IRQn=true\:15\:0\:false\:false\:true\:false\:false\:true\:true
NVIC.TimeBase=TIM1_UP_TIM10_IRQn
NVIC.TimeBaseIP=TIM1
NVIC.UsageFault_IRQn=true\:0\:0\:false\:false\:true\:false\:false\:false\:false
PA0/WKUP.GPIOParameters=GPIO_PuPd,GPIO_Label
PA0/WKUP.GPIO_Label=RBTN_UP
PA0/WKUP.GPIO_PuPd=GPIO_PULLUP
PA0/WKUP.Locked=true
PA0/WKUP.Signal=GPIO_Input
PA10.Mode=Asynchronous
PA10.Signal=USART1_RX
PA13.Mode=Serial_Wire
PA13.Signal=SYS_JTMS-SWDIO
PA14.Mode=Serial_Wire
PA14.Signal=SYS_JTCK-SWCLK
PA3.Signal=ADCx_IN3
PA4.Signal=ADCx_IN4
PA5.Signal=ADCx_IN5
PA6.GPIOParameters=GPIO_Label
PA6.GPIO_Label=LED4
PA6.Locked=true
PA6.Signal=GPIO_Output
PA7.GPIOParameters=GPIO_Label
PA7.GPIO_Label=LED3
PA7.Locked=true
PA7.Signal=GPIO_Output
PA9.Mode=Asynchronous
PA9.Signal=USART1_TX
PB0.Signal=ADCx_IN8
PB1.GPIOParameters=GPIO_Label
PB1.GPIO_Label=LED2
PB1.Locked=true
PB1.Signal=GPIO_Output
PB10.Mode=Full_Duplex_Master
PB10.Signal=SPI2_SCK
PB12.GPIOParameters=GPIO_PuPd,GPIO_Label
PB12.GPIO_Label=IMU_CS
PB12.GPIO_PuPd=GPIO_PULLUP
PB12.Locked=true
PB12.Signal=GPIO_Output
PB13.GPIOParameters=GPIO_Label
PB13.GPIO_Label=IMU_INT
PB13.Locked=true
PB13.Signal=GPIO_Input
PB14.Mode=Full_Duplex_Master
PB14.Signal=SPI2_MISO
PB15.Mode=Full_Duplex_Master
PB15.Signal=SPI2_MOSI
PB2/BOOT1.GPIOParameters=GPIO_Label
PB2/BOOT1.GPIO_Label=LED1
PB2/BOOT1.Locked=true
PB2/BOOT1.Signal=GPIO_Output
PB5.GPIOParameters=GPIO_Speed,GPIO_Label
PB5.GPIO_Label=LCD_BL
PB5.GPIO_Speed=GPIO_SPEED_FREQ_HIGH
PB5.Locked=true
PB5.Signal=GPIO_Output
PB6.GPIOParameters=GPIO_Label
PB6.GPIO_Label=LED8
PB6.Locked=true
PB6.Signal=GPIO_Output
PB7.GPIOParameters=GPIO_Label
PB7.GPIO_Label=LED7
PB7.Locked=true
PB7.Signal=GPIO_Output
PB8.GPIOParameters=GPIO_Label
PB8.GPIO_Label=LED6
PB8.Locked=true
PB8.Signal=GPIO_Output
PB9.GPIOParameters=GPIO_Label
PB9.GPIO_Label=LED5
PB9.Locked=true
PB9.Signal=GPIO_Output
PC0.Signal=FMC_SDNWE
PC10.Mode=SD_4_bits_Wide_bus
PC10.Signal=SDIO_D2
PC11.Mode=SD_4_bits_Wide_bus
PC11.Signal=SDIO_D3
PC12.Mode=SD_4_bits_Wide_bus
PC12.Signal=SDIO_CK
PC13.GPIOParameters=GPIO_PuPd,GPIO_Label
PC13.GPIO_Label=RBTN_LEFT
PC13.GPIO_PuPd=GPIO_PULLUP
PC13.Locked=true
PC13.Signal=GPIO_Input
PC14/OSC32_IN.Mode=LSE-External-Oscillator
PC14/OSC32_IN.Signal=RCC_OSC32_IN
PC15/OSC32_OUT.Mode=LSE-External-Oscillator
PC15/OSC32_OUT.Signal=RCC_OSC32_OUT
PC2.Mode=SdramChipSelect1_1
PC2.Signal=FMC_SDNE0
PC3.Mode=SdramChipSelect1_1
PC3.Signal=FMC_SDCKE0
PC4.GPIOParameters=GPIO_Label
PC4.GPIO_Label=Joy_L_Btn
PC4.Locked=true
PC4.Signal=GPIO_Input
PC5.GPIOParameters=GPIO_Label
PC5.GPIO_Label=Joy_R_Btn
PC5.Locked=true
PC5.Signal=GPIO_Input
PC8.Mode=SD_4_bits_Wide_bus
PC8.Signal=SDIO_D0
PC9.Mode=SD_4_bits_Wide_bus
PC9.Signal=SDIO_D1
PD0.Signal=FMC_D2_DA2
PD1.Signal=FMC_D3_DA3
PD10.Signal=FMC_D15_DA15
PD14.Signal=FMC_D0_DA0
PD15.Signal=FMC_D1_DA1
PD2.Mode=SD_4_bits_Wide_bus
PD2.Signal=SDIO_CMD
PD8.Signal=FMC_D13_DA13
PD9.Signal=FMC_D14_DA14
PE0.Signal=FMC_NBL0
PE1.Signal=FMC_NBL1
PE10.Signal=FMC_D7_DA7
PE11.Signal=FMC_D8_DA8
PE12.Signal=FMC_D9_DA9
PE13.Signal=FMC_D10_DA10
PE14.Signal=FMC_D11_DA11
PE15.Signal=FMC_D12_DA12
PE2.GPIOParameters=GPIO_Label
PE2.GPIO_Label=SD_Card_Check
PE2.Locked=true
PE2.Signal=GPIO_Input
PE7.Signal=FMC_D4_DA4
PE8.Signal=FMC_D5_DA5
PE9.Signal=FMC_D6_DA6
PF0.Signal=FMC_A0
PF1.Signal=FMC_A1
PF10.GPIOParameters=GPIO_Speed
PF10.GPIO_Speed=GPIO_SPEED_FREQ_VERY_HIGH
PF10.Mode=RGB565
PF10.Signal=LTDC_DE
PF11.Signal=FMC_SDNRAS
PF12.Signal=FMC_A6
PF13.Signal=FMC_A7
PF14.Signal=FMC_A8
PF15.Signal=FMC_A9
PF2.Signal=FMC_A2
PF3.Signal=FMC_A3
PF4.Signal=FMC_A4
PF5.Signal=FMC_A5
PF6.GPIOParameters=GPIO_PuPd,GPIO_Label
PF6.GPIO_Label=LBTN_UP
PF6.GPIO_PuPd=GPIO_PULLUP
PF6.Locked=true
PF6.Signal=GPIO_Input
PF7.GPIOParameters=GPIO_PuPd,GPIO_Label
PF7.GPIO_Label=LBTN_DOWN
PF7.GPIO_PuPd=GPIO_PULLUP
PF7.Locked=true
PF7.Signal=GPIO_Input
PF8.GPIOParameters=GPIO_PuPd,GPIO_Label
PF8.GPIO_Label=LBTN_LEFT
PF8.GPIO_PuPd=GPIO_PULLUP
PF8.Locked=true
PF8.Signal=GPIO_Input
PF9.GPIOParameters=GPIO_PuPd,GPIO_Label
PF9.GPIO_Label=LBTN_RIGHT
PF9.GPIO_PuPd=GPIO_PULLUP
PF9.Locked=true
PF9.Signal=GPIO_Input
PG0.Signal=FMC_A10
PG1.Signal=FMC_A11
PG11.GPIOParameters=GPIO_Speed
PG11.GPIO_Speed=GPIO_SPEED_FREQ_VERY_HIGH
PG11.Locked=true
PG11.Mode=RGB565
PG11.Signal=LTDC_B3
PG15.Signal=FMC_SDNCAS
PG2.Signal=FMC_A12
PG4.Signal=FMC_A14_BA0
PG5.Signal=FMC_A15_BA1
PG6.GPIOParameters=GPIO_Speed
PG6.GPIO_Speed=GPIO_SPEED_FREQ_VERY_HIGH
PG6.Locked=true
PG6.Mode=RGB565
PG6.Signal=LTDC_R7
PG7.GPIOParameters=GPIO_Speed
PG7.GPIO_Speed=GPIO_SPEED_FREQ_VERY_HIGH
PG7.Locked=true
PG7.Mode=RGB565
PG7.Signal=LTDC_CLK
PG8.Signal=FMC_SDCLK
PH0/OSC_IN.Mode=HSE-External-Oscillator
PH0/OSC_IN.Signal=RCC_OSC_IN
PH1/OSC_OUT.Mode=HSE-External-Oscillator
PH1/OSC_OUT.Signal=RCC_OSC_OUT
PH10.GPIOParameters=GPIO_Speed
PH10.GPIO_Speed=GPIO_SPEED_FREQ_VERY_HIGH
PH10.Locked=true
PH10.Mode=RGB565
PH10.Signal=LTDC_R4
PH11.GPIOParameters=GPIO_Speed
PH11.GPIO_Speed=GPIO_SPEED_FREQ_VERY_HIGH
PH11.Locked=true
PH11.Mode=RGB565
PH11.Signal=LTDC_R5
PH12.GPIOParameters=GPIO_Speed
PH12.GPIO_Speed=GPIO_SPEED_FREQ_VERY_HIGH
PH12.Locked=true
PH12.Mode=RGB565
PH12.Signal=LTDC_R6
PH13.GPIOParameters=GPIO_Speed
PH13.GPIO_Speed=GPIO_SPEED_FREQ_VERY_HIGH
PH13.Locked=true
PH13.Mode=RGB565
PH13.Signal=LTDC_G2
PH14.GPIOParameters=GPIO_Speed
PH14.GPIO_Speed=GPIO_SPEED_FREQ_VERY_HIGH
PH14.Locked=true
PH14.Mode=RGB565
PH14.Signal=LTDC_G3
PH15.GPIOParameters=GPIO_Speed
PH15.GPIO_Speed=GPIO_SPEED_FREQ_VERY_HIGH
PH15.Locked=true
PH15.Mode=RGB565
PH15.Signal=LTDC_G4
PH2.GPIOParameters=GPIO_PuPd,GPIO_Label
PH2.GPIO_Label=RBTN_DOWN
PH2.GPIO_PuPd=GPIO_PULLUP
PH2.Locked=true
PH2.Signal=GPIO_Input
PH3.GPIOParameters=GPIO_PuPd,GPIO_Label
PH3.GPIO_Label=RBTN_RIGHT
PH3.GPIO_PuPd=GPIO_PULLUP
PH3.Locked=true
PH3.Signal=GPIO_Input
PH6.GPIOParameters=GPIO_Speed,GPIO_PuPd,GPIO_Label
PH6.GPIO_Label=TP_SCK
PH6.GPIO_PuPd=GPIO_PULLUP
PH6.GPIO_Speed=GPIO_SPEED_FREQ_HIGH
PH6.Locked=true
PH6.Signal=GPIO_Output
PH7.GPIOParameters=GPIO_Label
PH7.GPIO_Label=TP_PEN
PH7.Locked=true
PH7.Signal=GPIO_Input
PH9.GPIOParameters=GPIO_Speed
PH9.GPIO_Speed=GPIO_SPEED_FREQ_VERY_HIGH
PH9.Locked=true
PH9.Mode=RGB565
PH9.Signal=LTDC_R3
PI0.GPIOParameters=GPIO_Speed
PI0.GPIO_Speed=GPIO_SPEED_FREQ_VERY_HIGH
PI0.Locked=true
PI0.Mode=RGB565
PI0.Signal=LTDC_G5
PI1.GPIOParameters=GPIO_Speed
PI1.GPIO_Speed=GPIO_SPEED_FREQ_VERY_HIGH
PI1.Locked=true
PI1.Mode=RGB565
PI1.Signal=LTDC_G6
PI10.GPIOParameters=GPIO_Speed
PI10.GPIO_Speed=GPIO_SPEED_FREQ_VERY_HIGH
PI10.Locked=true
PI10.Mode=RGB565
PI10.Signal=LTDC_HSYNC
PI2.GPIOParameters=GPIO_Speed
PI2.GPIO_Speed=GPIO_SPEED_FREQ_VERY_HIGH
PI2.Locked=true
PI2.Mode=RGB565
PI2.Signal=LTDC_G7
PI3.GPIOParameters=GPIO_PuPd,GPIO_Label,GPIO_ModeDefaultOutputPP
PI3.GPIO_Label=TP_SDA
PI3.GPIO_ModeDefaultOutputPP=GPIO_MODE_OUTPUT_OD
PI3.GPIO_PuPd=GPIO_PULLUP
PI3.Locked=true
PI3.Signal=GPIO_Output
PI4.GPIOParameters=GPIO_Speed
PI4.GPIO_Speed=GPIO_SPEED_FREQ_VERY_HIGH
PI4.Locked=true
PI4.Mode=RGB565
PI4.Signal=LTDC_B4
PI5.GPIOParameters=GPIO_Speed
PI5.GPIO_Speed=GPIO_SPEED_FREQ_VERY_HIGH
PI5.Locked=true
PI5.Mode=RGB565
PI5.Signal=LTDC_B5
PI6.GPIOParameters=GPIO_Speed
PI6.GPIO_Speed=GPIO_SPEED_FREQ_VERY_HIGH
PI6.Locked=true
PI6.Mode=RGB565
PI6.Signal=LTDC_B6
PI7.GPIOParameters=GPIO_Speed
PI7.GPIO_Speed=GPIO_SPEED_FREQ_VERY_HIGH
PI7.Locked=true
PI7.Mode=RGB565
PI7.Signal=LTDC_B7
PI8.GPIOParameters=PinState,GPIO_PuPd,GPIO_Label
PI8.GPIO_Label=TP_CS
PI8.GPIO_PuPd=GPIO_PULLUP
PI8.Locked=true
PI8.PinState=GPIO_PIN_RESET
PI8.Signal=GPIO_Output
PI9.GPIOParameters=GPIO_Speed
PI9.GPIO_Speed=GPIO_SPEED_FREQ_VERY_HIGH
PI9.Locked=true
PI9.Mode=RGB565
PI9.Signal=LTDC_VSYNC
PinOutPanel.RotationAngle=0
ProjectManager.AskForMigrate=true
ProjectManager.BackupPrevious=false
ProjectManager.CompilerOptimize=6
ProjectManager.ComputerToolchain=false
ProjectManager.CoupleFile=true
ProjectManager.CustomerFirmwarePackage=
ProjectManager.DefaultFWLocation=true
ProjectManager.DeletePrevious=true
ProjectManager.DeviceId=STM32F429IGTx
ProjectManager.FirmwarePackage=STM32Cube FW_F4 V1.27.1
ProjectManager.FreePins=false
ProjectManager.HalAssertFull=false
ProjectManager.HeapSize=0x200
ProjectManager.KeepUserCode=true
ProjectManager.LastFirmware=true
ProjectManager.LibraryCopy=1
ProjectManager.MainLocation=Core/Src
ProjectManager.NoMain=false
ProjectManager.PreviousToolchain=
ProjectManager.ProjectBuild=false
ProjectManager.ProjectFileName=ELEC3300.ioc
ProjectManager.ProjectName=ELEC3300
ProjectManager.RegisterCallBack=
ProjectManager.StackSize=0x1000
ProjectManager.TargetToolchain=STM32CubeIDE
ProjectManager.ToolChainLocation=
ProjectManager.UnderRoot=true
ProjectManager.functionlistsort=1-SystemClock_Config-RCC-false-HAL-false,2-MX_GPIO_Init-GPIO-false-HAL-true,3-MX_DMA_Init-DMA-false-HAL-true,4-MX_LTDC_Init-LTDC-false-HAL-true,5-MX_FMC_Init-FMC-false-HAL-true,6-MX_DMA2D_Init-DMA2D-false-HAL-true,7-MX_ADC1_Init-ADC1-false-HAL-true,8-MX_SDIO_SD_Init-SDIO-false-HAL-true,9-MX_FATFS_Init-FATFS-false-HAL-false,10-MX_USART1_UART_Init-USART1-false-HAL-true
RCC.48MHZClocksFreq_Value=48000000
RCC.AHBFreq_Value=120000000
RCC.APB1CLKDivider=RCC_HCLK_DIV4
RCC.APB1Freq_Value=30000000
RCC.APB1TimFreq_Value=60000000
RCC.APB2CLKDivider=RCC_HCLK_DIV2
RCC.APB2Freq_Value=60000000
RCC.APB2TimFreq_Value=120000000
RCC.CortexFreq_Value=120000000
RCC.EthernetFreq_Value=120000000
RCC.FCLKCortexFreq_Value=120000000
RCC.FamilyName=M
RCC.HCLKFreq_Value=120000000
RCC.HSE_VALUE=25000000
RCC.HSI_VALUE=16000000
RCC.I2SClocksFreq_Value=160000000
RCC.IPParameters=48MHZClocksFreq_Value,AHBFreq_Value,APB1CLKDivider,APB1Freq_Value,APB1TimFreq_Value,APB2CLKDivider,APB2Freq_Value,APB2TimFreq_Value,CortexFreq_Value,EthernetFreq_Value,FCLKCortexFreq_Value,FamilyName,HCLKFreq_Value,HSE_VALUE,HSI_VALUE,I2SClocksFreq_Value,LCDTFTFreq_Value,LSI_VALUE,MCO2PinFreq_Value,PLLCLKFreq_Value,PLLM,PLLN,PLLQ,PLLQCLKFreq_Value,PLLSAIN,PLLSourceVirtual,RTCFreq_Value,RTCHSEDivFreq_Value,SAI_AClocksFreq_Value,SAI_BClocksFreq_Value,SYSCLKFreq_VALUE,SYSCLKSource,VCOI2SOutputFreq_Value,VCOInputFreq_Value,VCOOutputFreq_Value,VCOSAIOutputFreq_Value,VCOSAIOutputFreq_ValueQ,VCOSAIOutputFreq_ValueR,VcooutputI2S,VcooutputI2SQ
RCC.LCDTFTFreq_Value=25000000
RCC.LSI_VALUE=32000
RCC.MCO2PinFreq_Value=120000000
RCC.PLLCLKFreq_Value=120000000
RCC.PLLM=15
RCC.PLLN=144
RCC.PLLQ=5
RCC.PLLQCLKFreq_Value=48000000
RCC.PLLSAIN=60
RCC.PLLSourceVirtual=RCC_PLLSOURCE_HSE
RCC.RTCFreq_Value=32000
RCC.RTCHSEDivFreq_Value=12500000
RCC.SAI_AClocksFreq_Value=25000000
RCC.SAI_BClocksFreq_Value=25000000
RCC.SYSCLKFreq_VALUE=120000000
RCC.SYSCLKSource=RCC_SYSCLKSOURCE_PLLCLK
RCC.VCOI2SOutputFreq_Value=320000000
RCC.VCOInputFreq_Value=1666666.6666666667
RCC.VCOOutputFreq_Value=240000000
RCC.VCOSAIOutputFreq_Value=100000000
RCC.VCOSAIOutputFreq_ValueQ=25000000
RCC.VCOSAIOutputFreq_ValueR=50000000
RCC.VcooutputI2S=160000000
RCC.VcooutputI2SQ=160000000
SDIO.HardwareFlowControl=SDIO_HARDWARE_FLOW_CONTROL_ENABLE
SDIO.IPParameters=HardwareFlowControl
SH.ADCx_IN3.0=ADC1_IN3,IN3
SH.ADCx_IN3.ConfNb=1
SH.ADCx_IN4.0=ADC1_IN4,IN4
SH.ADCx_IN4.ConfNb=1
SH.ADCx_IN5.0=ADC1_IN5,IN5
SH.ADCx_IN5.ConfNb=1
SH.ADCx_IN8.0=ADC1_IN8,IN8
SH.ADCx_IN8.ConfNb=1
SH.FMC_A0.0=FMC_A0,13b-sda1
SH.FMC_A0.ConfNb=1
SH.FMC_A1.0=FMC_A1,13b-sda1
SH.FMC_A1.ConfNb=1
SH.FMC_A10.0=FMC_A10,13b-sda1
SH.FMC_A10.ConfNb=1
SH.FMC_A11.0=FMC_A11,13b-sda1
SH.FMC_A11.ConfNb=1
SH.FMC_A12.0=FMC_A12,13b-sda1
SH.FMC_A12.ConfNb=1
SH.FMC_A14_BA0.0=FMC_BA0,FourSdramBanks1
SH.FMC_A14_BA0.ConfNb=1
SH.FMC_A15_BA1.0=FMC_BA1,FourSdramBanks1
SH.FMC_A15_BA1.ConfNb=1
SH.FMC_A2.0=FMC_A2,13b-sda1
SH.FMC_A2.ConfNb=1
SH.FMC_A3.0=FMC_A3,13b-sda1
SH.FMC_A3.ConfNb=1
SH.FMC_A4.0=FMC_A4,13b-sda1
SH.FMC_A4.ConfNb=1
SH.FMC_A5.0=FMC_A5,13b-sda1
SH.FMC_A5.ConfNb=1
SH.FMC_A6.0=FMC_A6,13b-sda1
SH.FMC_A6.ConfNb=1
SH.FMC_A7.0=FMC_A7,13b-sda1
SH.FMC_A7.ConfNb=1
SH.FMC_A8.0=FMC_A8,13b-sda1
SH.FMC_A8.ConfNb=1
SH.FMC_A9.0=FMC_A9,13b-sda1
SH.FMC_A9.ConfNb=1
SH.FMC_D0_DA0.0=FMC_D0,sd-16b-d1
SH.FMC_D0_DA0.ConfNb=1
SH.FMC_D10_DA10.0=FMC_D10,sd-16b-d1
SH.FMC_D10_DA10.ConfNb=1
SH.FMC_D11_DA11.0=FMC_D11,sd-16b-d1
SH.FMC_D11_DA11.ConfNb=1
SH.FMC_D12_DA12.0=FMC_D12,sd-16b-d1
SH.FMC_D12_DA12.ConfNb=1
SH.FMC_D13_DA13.0=FMC_D13,sd-16b-d1
SH.FMC_D13_DA13.ConfNb=1
SH.FMC_D14_DA14.0=FMC_D14,sd-16b-d1
SH.FMC_D14_DA14.ConfNb=1
SH.FMC_D15_DA15.0=FMC_D15,sd-16b-d1
SH.FMC_D15_DA15.ConfNb=1
SH.FMC_D1_DA1.0=FMC_D1,sd-16b-d1
SH.FMC_D1_DA1.ConfNb=1
SH.FMC_D2_DA2.0=FMC_D2,sd-16b-d1
SH.FMC_D2_DA2.ConfNb=1
SH.FMC_D3_DA3.0=FMC_D3,sd-16b-d1
SH.FMC_D3_DA3.ConfNb=1
SH.FMC_D4_DA4.0=FMC_D4,sd-16b-d1
SH.FMC_D4_DA4.ConfNb=1
SH.FMC_D5_DA5.0=FMC_D5,sd-16b-d1
SH.FMC_D5_DA5.ConfNb=1
SH.FMC_D6_DA6.0=FMC_D6,sd-16b-d1
SH.FMC_D6_DA6.ConfNb=1
SH.FMC_D7_DA7.0=FMC_D7,sd-16b-d1
SH.FMC_D7_DA7.ConfNb=1
SH.FMC_D8_DA8.0=FMC_D8,sd-16b-d1
SH.FMC_D8_DA8.ConfNb=1
SH.FMC_D9_DA9.0=FMC_D9,sd-16b-d1
SH.FMC_D9_DA9.ConfNb=1
SH.FMC_NBL0.0=FMC_NBL0,Sd2ByteEnable1
SH.FMC_NBL0.ConfNb=1
SH.FMC_NBL1.0=FMC_NBL1,Sd2ByteEnable1
SH.FMC_NBL1.ConfNb=1
SH.FMC_SDCLK.0=FMC_SDCLK,13b-sda1
SH.FMC_SDCLK.ConfNb=1
SH.FMC_SDNCAS.0=FMC_SDNCAS,13b-sda1
SH.FMC_SDNCAS.ConfNb=1
SH.FMC_SDNRAS.0=FMC_SDNRAS,13b-sda1
SH.FMC_SDNRAS.ConfNb=1
SH.FMC_SDNWE.0=FMC_SDNWE,13b-sda1
SH.FMC_SDNWE.ConfNb=1
SPI2.CalculateBaudRate=15.0 MBits/s
SPI2.Direction=SPI_DIRECTION_2LINES
SPI2.IPParameters=VirtualType,Mode,Direction,CalculateBaudRate
SPI2.Mode=SPI_MODE_MASTER
SPI2.VirtualType=VM_MASTER
USART1.IPParameters=VirtualMode
USART1.VirtualMode=VM_ASYNC
VP_ADC1_Vref_Input.Mode=IN-Vrefint
VP_ADC1_Vref_Input.Signal=ADC1_Vref_Input
VP_DMA2D_VS_DMA2D.Mode=DMA2D_Activate
VP_DMA2D_VS_DMA2D.Signal=DMA2D_VS_DMA2D
VP_FATFS_VS_FMC_SDRAM.Mode=FMC_SDRAM
VP_FATFS_VS_FMC_SDRAM.Signal=FATFS_VS_FMC_SDRAM
VP_FATFS_VS_SDIO.Mode=SDIO
VP_FATFS_VS_SDIO.Signal=FATFS_VS_SDIO
VP_FREERTOS_VS_CMSIS_V2.Mode=CMSIS_V2
VP_FREERTOS_VS_CMSIS_V2.Signal=FREERTOS_VS_CMSIS_V2
VP_SYS_VS_tim1.Mode=TIM1
VP_SYS_VS_tim1.Signal=SYS_VS_tim1
board=custom
isbadioc=false
